{
  "_note": "Baseline of pre-existing documentation gaps. Modules listed here are silenced from the audit until removed. Re-generate after a deliberate doc backfill via: python scripts/audit_modules.py --init",
  "generated_at": "2026-07-14T18:24:18+00:00",
  "missing_from_architecture": [
    "_http.py",
    "auth_log.py",
    "chat_eval.py",
    "code_collector.py",
    "generate_capabilities_index.py",
    "goals_file.py",
    "google_oauth_client.py",
    "health_issue_reporter.py",
    "oauth_common.py",
    "project_priority.py",
    "pulse_health.py",
    "pulse_warning_watch.py",
    "repair.py",
    "secret_store.py",
    "setup_gmail_oauth.py",
    "sleuth_grouping.py",
    "spike_morning_brief.py",
    "sync_snapshot.py",
    "token_meta.py",
    "tz_utils.py",
    "watchlist_guard.py",
    "xyz_pin.py",
    "zapier_calendar.py",
    "zapier_email.py"
  ],
  "missing_from_changelog": [
    "apple_reminders_write.py",
    "ask_self_scan.py",
    "code_collector.py",
    "generate_capabilities_index.py",
    "github_readiness.py",
    "github_reconciliation.py",
    "goals_file.py",
    "google_oauth_client.py",
    "oauth_common.py",
    "profile_sync.py",
    "pulse_warning_watch.py",
    "secret_store.py",
    "setup_gmail_oauth.py",
    "watchlist_guard.py",
    "web_components.py",
    "xyz_pin.py"
  ]
}
